
Microsoft Visual Studio Solution File, Format Version 12.00
# Visual Studio 14
VisualStudioVersion = 14.0.25420.1
MinimumVisualStudioVersion = 10.0.40219.1
Project("{D954291E-2A0B-460D-934E-DC6B0785DB48}") = "AppSox", "AppSox\AppSox\AppSox.shproj", "{75BB725C-0314-4184-9088-352D9E700EDE}"
EndProject
Project("{FAE04EC0-301F-11D3-BF4B-00C04F79EFBC}") = "AppSox.Android", "AppSox\AppSox.Android\AppSox.Android.csproj", "{69176E14-50BB-4AD0-9407-1DB32FBAA4CB}"
EndProject
Project("{FAE04EC0-301F-11D3-BF4B-00C04F79EFBC}") = "AppSox.iOS", "AppSox\AppSox.iOS\AppSox.iOS.csproj", "{25E7BF13-7E32-4E06-9268-033A34CB47AD}"
EndProject
Global
	GlobalSection(SharedMSBuildProjectFiles) = preSolution
		AppSox\AppSox\AppSox.projitems*{25e7bf13-7e32-4e06-9268-033a34cb47ad}*SharedItemsImports = 4
		AppSox\AppSox\AppSox.projitems*{69176e14-50bb-4ad0-9407-1db32fbaa4cb}*SharedItemsImports = 4
		AppSox\AppSox\AppSox.projitems*{75bb725c-0314-4184-9088-352d9e700ede}*SharedItemsImports = 13
	EndGlobalSection
	GlobalSection(SolutionConfigurationPlatforms) = preSolution
		Ad-Hoc|Any CPU = Ad-Hoc|Any CPU
		Ad-Hoc|iPhone = Ad-Hoc|iPhone
		Ad-Hoc|iPhoneSimulator = Ad-Hoc|iPhoneSimulator
		AppStore|Any CPU = AppStore|Any CPU
		AppStore|iPhone = AppStore|iPhone
		AppStore|iPhoneSimulator = AppStore|iPhoneSimulator
		Debug|Any CPU = Debug|Any CPU
		Debug|iPhone = Debug|iPhone
		Debug|iPhoneSimulator = Debug|iPhoneSimulator
		Release|Any CPU = Release|Any CPU
		Release|iPhone = Release|iPhone
		Release|iPhoneSimulator = Release|iPhoneSimulator
	EndGlobalSection
	GlobalSection(ProjectConfigurationPlatforms) = postSolution
		{69176E14-50BB-4AD0-9407-1DB32FBAA4CB}.Ad-Hoc|Any CPU.ActiveCfg = Release|Any CPU
		{69176E14-50BB-4AD0-9407-1DB32FBAA4CB}.Ad-Hoc|Any CPU.Build.0 = Release|Any CPU
		{69176E14-50BB-4AD0-9407-1DB32FBAA4CB}.Ad-Hoc|Any CPU.Deploy.0 = Release|Any CPU
		{69176E14-50BB-4AD0-9407-1DB32FBAA4CB}.Ad-Hoc|iPhone.ActiveCfg = Release|Any CPU
		{69176E14-50BB-4AD0-9407-1DB32FBAA4CB}.Ad-Hoc|iPhone.Build.0 = Release|Any CPU
		{69176E14-50BB-4AD0-9407-1DB32FBAA4CB}.Ad-Hoc|iPhone.Deploy.0 = Release|Any CPU
		{69176E14-50BB-4AD0-9407-1DB32FBAA4CB}.Ad-Hoc|iPhoneSimulator.ActiveCfg = Release|Any CPU
		{69176E14-50BB-4AD0-9407-1DB32FBAA4CB}.Ad-Hoc|iPhoneSimulator.Build.0 = Release|Any CPU
		{69176E14-50BB-4AD0-9407-1DB32FBAA4CB}.Ad-Hoc|iPhoneSimulator.Deploy.0 = Release|Any CPU
		{69176E14-50BB-4AD0-9407-1DB32FBAA4CB}.AppStore|Any CPU.ActiveCfg = Release|Any CPU
		{69176E14-50BB-4AD0-9407-1DB32FBAA4CB}.AppStore|Any CPU.Build.0 = Release|Any CPU
		{69176E14-50BB-4AD0-9407-1DB32FBAA4CB}.AppStore|Any CPU.Deploy.0 = Release|Any CPU
		{69176E14-50BB-4AD0-9407-1DB32FBAA4CB}.AppStore|iPhone.ActiveCfg = Release|Any CPU
		{69176E14-50BB-4AD0-9407-1DB32FBAA4CB}.AppStore|iPhone.Build.0 = Release|Any CPU
		{69176E14-50BB-4AD0-9407-1DB32FBAA4CB}.AppStore|iPhone.Deploy.0 = Release|Any CPU
		{69176E14-50BB-4AD0-9407-1DB32FBAA4CB}.AppStore|iPhoneSimulator.ActiveCfg = Release|Any CPU
		{69176E14-50BB-4AD0-9407-1DB32FBAA4CB}.AppStore|iPhoneSimulator.Build.0 = Release|Any CPU
		{69176E14-50BB-4AD0-9407-1DB32FBAA4CB}.AppStore|iPhoneSimulator.Deploy.0 = Release|Any CPU
		{69176E14-50BB-4AD0-9407-1DB32FBAA4CB}.Debug|Any CPU.ActiveCfg = Debug|Any CPU
		{69176E14-50BB-4AD0-9407-1DB32FBAA4CB}.Debug|Any CPU.Build.0 = Debug|Any CPU
		{69176E14-50BB-4AD0-9407-1DB32FBAA4CB}.Debug|Any CPU.Deploy.0 = Debug|Any CPU
		{69176E14-50BB-4AD0-9407-1DB32FBAA4CB}.Debug|iPhone.ActiveCfg = Debug|Any CPU
		{69176E14-50BB-4AD0-9407-1DB32FBAA4CB}.Debug|iPhone.Build.0 = Debug|Any CPU
		{69176E14-50BB-4AD0-9407-1DB32FBAA4CB}.Debug|iPhone.Deploy.0 = Debug|Any CPU
		{69176E14-50BB-4AD0-9407-1DB32FBAA4CB}.Debug|iPhoneSimulator.ActiveCfg = Debug|Any CPU
		{69176E14-50BB-4AD0-9407-1DB32FBAA4CB}.Debug|iPhoneSimulator.Build.0 = Debug|Any CPU
		{69176E14-50BB-4AD0-9407-1DB32FBAA4CB}.Debug|iPhoneSimulator.Deploy.0 = Debug|Any CPU
		{69176E14-50BB-4AD0-9407-1DB32FBAA4CB}.Release|Any CPU.ActiveCfg = Release|Any CPU
		{69176E14-50BB-4AD0-9407-1DB32FBAA4CB}.Release|Any CPU.Build.0 = Release|Any CPU
		{69176E14-50BB-4AD0-9407-1DB32FBAA4CB}.Release|Any CPU.Deploy.0 = Release|Any CPU
		{69176E14-50BB-4AD0-9407-1DB32FBAA4CB}.Release|iPhone.ActiveCfg = Release|Any CPU
		{69176E14-50BB-4AD0-9407-1DB32FBAA4CB}.Release|iPhone.Build.0 = Release|Any CPU
		{69176E14-50BB-4AD0-9407-1DB32FBAA4CB}.Release|iPhone.Deploy.0 = Release|Any CPU
		{69176E14-50BB-4AD0-9407-1DB32FBAA4CB}.Release|iPhoneSimulator.ActiveCfg = Release|Any CPU
		{69176E14-50BB-4AD0-9407-1DB32FBAA4CB}.Release|iPhoneSimulator.Build.0 = Release|Any CPU
		{69176E14-50BB-4AD0-9407-1DB32FBAA4CB}.Release|iPhoneSimulator.Deploy.0 = Release|Any CPU
		{25E7BF13-7E32-4E06-9268-033A34CB47AD}.Ad-Hoc|Any CPU.ActiveCfg = Ad-Hoc|iPhone
		{25E7BF13-7E32-4E06-9268-033A34CB47AD}.Ad-Hoc|iPhone.ActiveCfg = Ad-Hoc|iPhone
		{25E7BF13-7E32-4E06-9268-033A34CB47AD}.Ad-Hoc|iPhone.Build.0 = Ad-Hoc|iPhone
		{25E7BF13-7E32-4E06-9268-033A34CB47AD}.Ad-Hoc|iPhoneSimulator.ActiveCfg = Ad-Hoc|iPhoneSimulator
		{25E7BF13-7E32-4E06-9268-033A34CB47AD}.Ad-Hoc|iPhoneSimulator.Build.0 = Ad-Hoc|iPhoneSimulator
		{25E7BF13-7E32-4E06-9268-033A34CB47AD}.AppStore|Any CPU.ActiveCfg = AppStore|iPhone
		{25E7BF13-7E32-4E06-9268-033A34CB47AD}.AppStore|iPhone.ActiveCfg = AppStore|iPhone
		{25E7BF13-7E32-4E06-9268-033A34CB47AD}.AppStore|iPhone.Build.0 = AppStore|iPhone
		{25E7BF13-7E32-4E06-9268-033A34CB47AD}.AppStore|iPhoneSimulator.ActiveCfg = AppStore|iPhoneSimulator
		{25E7BF13-7E32-4E06-9268-033A34CB47AD}.AppStore|iPhoneSimulator.Build.0 = AppStore|iPhoneSimulator
		{25E7BF13-7E32-4E06-9268-033A34CB47AD}.Debug|Any CPU.ActiveCfg = Debug|iPhone
		{25E7BF13-7E32-4E06-9268-033A34CB47AD}.Debug|iPhone.ActiveCfg = Debug|iPhone
		{25E7BF13-7E32-4E06-9268-033A34CB47AD}.Debug|iPhone.Build.0 = Debug|iPhone
		{25E7BF13-7E32-4E06-9268-033A34CB47AD}.Debug|iPhoneSimulator.ActiveCfg = Debug|iPhoneSimulator
		{25E7BF13-7E32-4E06-9268-033A34CB47AD}.Debug|iPhoneSimulator.Build.0 = Debug|iPhoneSimulator
		{25E7BF13-7E32-4E06-9268-033A34CB47AD}.Release|Any CPU.ActiveCfg = Release|iPhone
		{25E7BF13-7E32-4E06-9268-033A34CB47AD}.Release|iPhone.ActiveCfg = Release|iPhone
		{25E7BF13-7E32-4E06-9268-033A34CB47AD}.Release|iPhone.Build.0 = Release|iPhone
		{25E7BF13-7E32-4E06-9268-033A34CB47AD}.Release|iPhoneSimulator.ActiveCfg = Release|iPhoneSimulator
		{25E7BF13-7E32-4E06-9268-033A34CB47AD}.Release|iPhoneSimulator.Build.0 = Release|iPhoneSimulator
	EndGlobalSection
	GlobalSection(SolutionProperties) = preSolution
		HideSolutionNode = FALSE
	EndGlobalSection
EndGlobal
